<?xml version="1.0" encoding="UTF-8"?>
<Scheme
   LastUpgradeVersion = "0820"
   version = "1.3">
   <BuildAction
      parallelizeBuildables = "YES"
      buildImplicitDependencies = "YES">
      <BuildActionEntries>
         <BuildActionEntry
            buildForTesting = "YES"
            buildForRunning = "YES"
            buildForProfiling = "YES"
            buildForArchiving = "YES"
            buildForAnalyzing = "YES">
            <BuildableReference
               BuildableIdentifier = "primary"
               BlueprintIdentifier = "D5F567EC1D111C6200998C14"
               BuildableName = "FothelloWatch.app"
               BlueprintName = "FothelloWatch"
               ReferencedContainer = "container:Fothello.xcodeproj">
            </BuildableReference>
         </BuildActionEntry>
         <BuildActionEntry
            buildForTesting = "YES"
            buildForRunning = "YES"
            buildForProfiling = "YES"
            buildForArchiving = "YES"
            buildForAnalyzing = "YES">
            <BuildableReference
               BuildableIdentifier = "primary"
               BlueprintIdentifier = "D5441B211831CB1100B5166A"
               BuildableName = "FothelloIOS.app"
               BlueprintName = "FothelloIOS"
               ReferencedContainer = "container:Fothello.xcodeproj">
            </BuildableReference>
         </BuildActionEntry>
      </BuildActionEntries>
   </BuildAction>
   <TestAction
      buildConfiguration = "Debug"
      selectedDebuggerIdentifier = "Xcode.DebuggerFoundation.Debugger.LLDB"
      selectedLauncherIdentifier = "Xcode.DebuggerFoundation.Launcher.LLDB"
      shouldUseLaunchSchemeArgsEnv = "YES"
      codeCoverageEnabled = "YES">
      <Testables>
         <TestableReference
            skipped = "NO">
            <BuildableReference
               BuildableIdentifier = "primary"
               BlueprintIdentifier = "D54006971E3B22CB00F2D7BB"
               BuildableName = "FothelloLibTestsIOS.xctest"
               BlueprintName = "FothelloLibTestsIOS"
               ReferencedContainer = "container:Fothello.xcodeproj">
            </BuildableReference>
         </TestableReference>
         <TestableReference
            skipped = "NO">
            <BuildableReference
               BuildableIdentifier = "primary"
               BlueprintIdentifier = "D5C2498D1E51605E009D8267"
               BuildableName = "FothelloUITestsIOS.xctest"
               BlueprintName = "FothelloUITestsIOS"
               ReferencedContainer = "container:Fothello.xcodeproj">
            </BuildableReference>
         </TestableReference>
      </Testables>
      <MacroExpansion>
         <BuildableReference
            BuildableIdentifier = "primary"
            BlueprintIdentifier = "D5F567EC1D111C6200998C14"
            BuildableName = "FothelloWatch.app"
            BlueprintName = "FothelloWatch"
            ReferencedContainer = "container:Fothello.xcodeproj">
         </BuildableReference>
      </MacroExpansion>
      <AdditionalOptions>
      </AdditionalOptions>
   </TestAction>
   <LaunchAction
      buildConfiguration = "Debug"
      selectedDebuggerIdentifier = "Xcode.DebuggerFoundation.Debugger.LLDB"
      selectedLauncherIdentifier = "Xcode.DebuggerFoundation.Launcher.LLDB"
      launchStyle = "0"
      useCustomWorkingDirectory = "NO"
      ignoresPersistentStateOnLaunch = "NO"
      debugDocumentVersioning = "YES"
      debugServiceExtension = "internal"
      allowLocationSimulation = "YES"
      notificationPayloadFile = "FothelloWatch Extension/PushNotificationPayload.apns">
      <RemoteRunnable
         runnableDebuggingMode = "2"
         BundleIdentifier = "com.apple.carousel"
         RemotePath = "/Fothello">
         <BuildableReference
            BuildableIdentifier = "primary"
            BlueprintIdentifier = "D5F567EC1D111C6200998C14"
            BuildableName = "FothelloWatch.app"
            BlueprintName = "FothelloWatch"
            ReferencedContainer = "container:Fothello.xcodeproj">
         </BuildableReference>
      </RemoteRunnable>
      <MacroExpansion>
         <BuildableReference
            BuildableIdentifier = "primary"
            BlueprintIdentifier = "D5F567EC1D111C6200998C14"
            BuildableName = "FothelloWatch.app"
            BlueprintName = "FothelloWatch"
            ReferencedContainer = "container:Fothello.xcodeproj">
         </BuildableReference>
      </MacroExpansion>
      <AdditionalOptions>
      </AdditionalOptions>
   </LaunchAction>
   <ProfileAction
      buildConfiguration = "Release"
      shouldUseLaunchSchemeArgsEnv = "YES"
      savedToolIdentifier = ""
      useCustomWorkingDirectory = "NO"
      debugDocumentVersioning = "YES"
      notificationPayloadFile = "FothelloWatch Extension/PushNotificationPayload.apns">
      <RemoteRunnable
         runnableDebuggingMode = "2"
         BundleIdentifier = "com.apple.carousel"
         RemotePath = "/Fothello">
         <BuildableReference
            BuildableIdentifier = "primary"
            BlueprintIdentifier = "D5F567EC1D111C6200998C14"
            BuildableName = "FothelloWatch.app"
            BlueprintName = "FothelloWatch"
            ReferencedContainer = "container:Fothello.xcodeproj">
         </BuildableReference>
      </RemoteRunnable>
      <MacroExpansion>
         <BuildableReference
            BuildableIdentifier = "primary"
            BlueprintIdentifier = "D5F567EC1D111C6200998C14"
            BuildableName = "FothelloWatch.app"
            BlueprintName = "FothelloWatch"
            ReferencedContainer = "container:Fothello.xcodeproj">
         </BuildableReference>
      </MacroExpansion>
   </ProfileAction>
   <AnalyzeAction
      buildConfiguration = "Debug">
   </AnalyzeAction>
   <ArchiveAction
      buildConfiguration = "Release"
      revealArchiveInOrganizer = "YES">
   </ArchiveAction>
</Scheme>
