<?xml version="1.0" encoding="UTF-8"?>
<Scheme
   LastUpgradeVersion = "0730"
   version = "1.3">
   <BuildAction
      parallelizeBuildables = "YES"
      buildImplicitDependencies = "YES">
      <BuildActionEntries>
         <BuildActionEntry
            buildForTesting = "YES"
            buildForRunning = "YES"
            buildForProfiling = "YES"
            buildForArchiving = "YES"
            buildForAnalyzing = "YES">
            <BuildableReference
               BuildableIdentifier = "primary"
               BlueprintIdentifier = "D5F5E41D1CC128E000A5A023"
               BuildableName = "FothelloMac2.app"
               BlueprintName = "FothelloMac2"
               ReferencedContainer = "container:Fothello.xcodeproj">
            </BuildableReference>
         </BuildActionEntry>
      </BuildActionEntries>
   </BuildAction>
   <TestAction
      buildConfiguration = "Debug"
      selectedDebuggerIdentifier = "Xcode.DebuggerFoundation.Debugger.LLDB"
      selectedLauncherIdentifier = "Xcode.DebuggerFoundation.Launcher.LLDB"
      shouldUseLaunchSchemeArgsEnv = "YES">
      <Testables>
         <TestableReference
            skipped = "NO">
            <BuildableReference
               BuildableIdentifier = "primary"
               BlueprintIdentifier = "D5F5E4341CC128E000A5A023"
               BuildableName = "FothelloMacTests2.xctest"
               BlueprintName = "FothelloMacTests2"
               ReferencedContainer = "container:Fothello.xcodeproj">
            </BuildableReference>
         </TestableReference>
         <TestableReference
            skipped = "NO">
            <BuildableReference
               BuildableIdentifier = "primary"
               BlueprintIdentifier = "D5F5E43F1CC128E000A5A023"
               BuildableName = "FothelloMacUITests2.xctest"
               BlueprintName = "FothelloMacUITests2"
               ReferencedContainer = "container:Fothello.xcodeproj">
            </BuildableReference>
         </TestableReference>
         <TestableReference
            skipped = "NO">
            <BuildableReference
               BuildableIdentifier = "primary"
               BlueprintIdentifier = "D509D5A91CC89EC90028C082"
               BuildableName = "FothelloMacTests.xctest"
               BlueprintName = "FothelloMacTests"
               ReferencedContainer = "container:FothelloMac/FothelloMac.xcodeproj">
            </BuildableReference>
         </TestableReference>
         <TestableReference
            skipped = "NO">
            <BuildableReference
               BuildableIdentifier = "primary"
               BlueprintIdentifier = "D509D5B41CC89EC90028C082"
               BuildableName = "FothelloMacUITests.xctest"
               BlueprintName = "FothelloMacUITests"
               ReferencedContainer = "container:FothelloMac/FothelloMac.xcodeproj">
            </BuildableReference>
         </TestableReference>
         <TestableReference
            skipped = "NO">
            <BuildableReference
               BuildableIdentifier = "primary"
               BlueprintIdentifier = "D509D5F81CC89F8C0028C082"
               BuildableName = "FothelloMacUITests.xctest"
               BlueprintName = "FothelloMacUITests"
               ReferencedContainer = "container:Fothello.xcodeproj">
            </BuildableReference>
         </TestableReference>
         <TestableReference
            skipped = "NO">
            <BuildableReference
               BuildableIdentifier = "primary"
               BlueprintIdentifier = "D509D5ED1CC89F8C0028C082"
               BuildableName = "FothelloMacTests.xctest"
               BlueprintName = "FothelloMacTests"
               ReferencedContainer = "container:Fothello.xcodeproj">
            </BuildableReference>
         </TestableReference>
      </Testables>
      <MacroExpansion>
         <BuildableReference
            BuildableIdentifier = "primary"
            BlueprintIdentifier = "D509D61B1CC8A7AE0028C082"
            BuildableName = "FothelloMac.app"
            BlueprintName = "FothelloMac"
            ReferencedContainer = "container:Fothello.xcodeproj">
         </BuildableReference>
      </MacroExpansion>
      <AdditionalOptions>
      </AdditionalOptions>
   </TestAction>
   <LaunchAction
      buildConfiguration = "Debug"
      selectedDebuggerIdentifier = "Xcode.DebuggerFoundation.Debugger.LLDB"
      selectedLauncherIdentifier = "Xcode.DebuggerFoundation.Launcher.LLDB"
      launchStyle = "0"
      useCustomWorkingDirectory = "NO"
      ignoresPersistentStateOnLaunch = "NO"
      debugDocumentVersioning = "YES"
      debugServiceExtension = "internal"
      allowLocationSimulation = "YES">
      <BuildableProductRunnable
         runnableDebuggingMode = "0">
         <BuildableReference
            BuildableIdentifier = "primary"
            BlueprintIdentifier = "D509D61B1CC8A7AE0028C082"
            BuildableName = "FothelloMac.app"
            BlueprintName = "FothelloMac"
            ReferencedContainer = "container:Fothello.xcodeproj">
         </BuildableReference>
      </BuildableProductRunnable>
      <AdditionalOptions>
      </AdditionalOptions>
   </LaunchAction>
   <ProfileAction
      buildConfiguration = "Release"
      shouldUseLaunchSchemeArgsEnv = "YES"
      savedToolIdentifier = ""
      useCustomWorkingDirectory = "NO"
      debugDocumentVersioning = "YES">
      <BuildableProductRunnable
         runnableDebuggingMode = "0">
         <BuildableReference
            BuildableIdentifier = "primary"
            BlueprintIdentifier = "D5F5E41D1CC128E000A5A023"
            BuildableName = "FothelloMac2.app"
            BlueprintName = "FothelloMac2"
            ReferencedContainer = "container:Fothello.xcodeproj">
         </BuildableReference>
      </BuildableProductRunnable>
   </ProfileAction>
   <AnalyzeAction
      buildConfiguration = "Debug">
   </AnalyzeAction>
   <ArchiveAction
      buildConfiguration = "Release"
      revealArchiveInOrganizer = "YES">
   </ArchiveAction>
</Scheme>
